// !$*UTF8*$!
{
	archiveVersion = 1;
	classes = {
	};
	objectVersion = 48;
	objects = {

/* Begin PBXBuildFile section */
		116B17141FA22A6D009C604D /* AppDelegate.swift in Sources */ = {isa = PBXBuildFile; fileRef = 116B17131FA22A6D009C604D /* AppDelegate.swift */; };
		116B17161FA22A6D009C604D /* ViewController.swift in Sources */ = {isa = PBXBuildFile; fileRef = 116B17151FA22A6D009C604D /* ViewController.swift */; };
		116B17191FA22A6D009C604D /* Main.storyboard in Resources */ = {isa = PBXBuildFile; fileRef = 116B17171FA22A6D009C604D /* Main.storyboard */; };
		116B171B1FA22A6D009C604D /* Assets.xcassets in Resources */ = {isa = PBXBuildFile; fileRef = 116B171A1FA22A6D009C604D /* Assets.xcassets */; };
		116B171E1FA22A6D009C604D /* LaunchScreen.storyboard in Resources */ = {isa = PBXBuildFile; fileRef = 116B171C1FA22A6D009C604D /* LaunchScreen.storyboard */; };
		116B17291FA22A6D009C604D /* Meal_TrackerTests.swift in Sources */ = {isa = PBXBuildFile; fileRef = 116B17281FA22A6D009C604D /* Meal_TrackerTests.swift */; };
		116B17341FA22A6D009C604D /* Meal_TrackerUITests.swift in Sources */ = {isa = PBXBuildFile; fileRef = 116B17331FA22A6D009C604D /* Meal_TrackerUITests.swift */; };
		116B17421FA22C1E009C604D /* FoodTableViewController.swift in Sources */ = {isa = PBXBuildFile; fileRef = 116B17411FA22C1E009C604D /* FoodTableViewController.swift */; };
		116B17441FA22D0B009C604D /* Meal.swift in Sources */ = {isa = PBXBuildFile; fileRef = 116B17431FA22D0B009C604D /* Meal.swift */; };
		116B17461FA22D1E009C604D /* Food.swift in Sources */ = {isa = PBXBuildFile; fileRef = 116B17451FA22D1E009C604D /* Food.swift */; };
/* End PBXBuildFile section */

/* Begin PBXContainerItemProxy section */
		116B17251FA22A6D009C604D /* PBXContainerItemProxy */ = {
			isa = PBXContainerItemProxy;
			containerPortal = 116B17081FA22A6D009C604D /* Project object */;
			proxyType = 1;
			remoteGlobalIDString = 116B170F1FA22A6D009C604D;
			remoteInfo = "Meal Tracker";
		};
		116B17301FA22A6D009C604D /* PBXContainerItemProxy */ = {
			isa = PBXContainerItemProxy;
			containerPortal = 116B17081FA22A6D009C604D /* Project object */;
			proxyType = 1;
			remoteGlobalIDString = 116B170F1FA22A6D009C604D;
			remoteInfo = "Meal Tracker";
		};
/* End PBXContainerItemProxy section */

/* Begin PBXFileReference section */
		116B17101FA22A6D009C604D /* Meal Tracker.app */ = {isa = PBXFileReference; explicitFileType = wrapper.application; includeInIndex = 0; path = "Meal Tracker.app"; sourceTree = BUILT_PRODUCTS_DIR; };
		116B17131FA22A6D009C604D /* AppDelegate.swift */ = {isa = PBXFileReference; lastKnownFileType = sourcecode.swift; path = AppDelegate.swift; sourceTree = "<group>"; };
		116B17151FA22A6D009C604D /* ViewController.swift */ = {isa = PBXFileReference; lastKnownFileType = sourcecode.swift; path = ViewController.swift; sourceTree = "<group>"; };
		116B17181FA22A6D009C604D /* Base */ = {isa = PBXFileReference; lastKnownFileType = file.storyboard; name = Base; path = Base.lproj/Main.storyboard; sourceTree = "<group>"; };
		116B171A1FA22A6D009C604D /* Assets.xcassets */ = {isa = PBXFileReference; lastKnownFileType = folder.assetcatalog; path = Assets.xcassets; sourceTree = "<group>"; };
		116B171D1FA22A6D009C604D /* Base */ = {isa = PBXFileReference; lastKnownFileType = file.storyboard; name = Base; path = Base.lproj/LaunchScreen.storyboard; sourceTree = "<group>"; };
		116B171F1FA22A6D009C604D /* Info.plist */ = {isa = PBXFileReference; lastKnownFileType = text.plist.xml; path = Info.plist; sourceTree = "<group>"; };
		116B17241FA22A6D009C604D /* Meal TrackerTests.xctest */ = {isa = PBXFileReference; explicitFileType = wrapper.cfbundle; includeInIndex = 0; path = "Meal TrackerTests.xctest"; sourceTree = BUILT_PRODUCTS_DIR; };
		116B17281FA22A6D009C604D /* Meal_TrackerTests.swift */ = {isa = PBXFileReference; lastKnownFileType = sourcecode.swift; path = Meal_TrackerTests.swift; sourceTree = "<group>"; };
		116B172A1FA22A6D009C604D /* Info.plist */ = {isa = PBXFileReference; lastKnownFileType = text.plist.xml; path = Info.plist; sourceTree = "<group>"; };
		116B172F1FA22A6D009C604D /* Meal TrackerUITests.xctest */ = {isa = PBXFileReference; explicitFileType = wrapper.cfbundle; includeInIndex = 0; path = "Meal TrackerUITests.xctest"; sourceTree = BUILT_PRODUCTS_DIR; };
		116B17331FA22A6D009C604D /* Meal_TrackerUITests.swift */ = {isa = PBXFileReference; lastKnownFileType = sourcecode.swift; path = Meal_TrackerUITests.swift; sourceTree = "<group>"; };
		116B17351FA22A6D009C604D /* Info.plist */ = {isa = PBXFileReference; lastKnownFileType = text.plist.xml; path = Info.plist; sourceTree = "<group>"; };
		116B17411FA22C1E009C604D /* FoodTableViewController.swift */ = {isa = PBXFileReference; lastKnownFileType = sourcecode.swift; path = FoodTableViewController.swift; sourceTree = "<group>"; };
		116B17431FA22D0B009C604D /* Meal.swift */ = {isa = PBXFileReference; lastKnownFileType = sourcecode.swift; path = Meal.swift; sourceTree = "<group>"; };
		116B17451FA22D1E009C604D /* Food.swift */ = {isa = PBXFileReference; lastKnownFileType = sourcecode.swift; path = Food.swift; sourceTree = "<group>"; };
/* End PBXFileReference section */

/* Begin PBXFrameworksBuildPhase section */
		116B170D1FA22A6D009C604D /* Frameworks */ = {
			isa = PBXFrameworksBuildPhase;
			buildActionMask = 2147483647;
			files = (
			);
			runOnlyForDeploymentPostprocessing = 0;
		};
		116B17211FA22A6D009C604D /* Frameworks */ = {
			isa = PBXFrameworksBuildPhase;
			buildActionMask = 2147483647;
			files = (
			);
			runOnlyForDeploymentPostprocessing = 0;
		};
		116B172C1FA22A6D009C604D /* Frameworks */ = {
			isa = PBXFrameworksBuildPhase;
			buildActionMask = 2147483647;
			files = (
			);
			runOnlyForDeploymentPostprocessing = 0;
		};
/* End PBXFrameworksBuildPhase section */

/* Begin PBXGroup section */
		116B17071FA22A6D009C604D = {
			isa = PBXGroup;
			children = (
				116B17121FA22A6D009C604D /* Meal Tracker */,
				116B17271FA22A6D009C604D /* Meal TrackerTests */,
				116B17321FA22A6D009C604D /* Meal TrackerUITests */,
				116B17111FA22A6D009C604D /* Products */,
			);
			sourceTree = "<group>";
		};
		116B17111FA22A6D009C604D /* Products */ = {
			isa = PBXGroup;
			children = (
				116B17101FA22A6D009C604D /* Meal Tracker.app */,
				116B17241FA22A6D009C604D /* Meal TrackerTests.xctest */,
				116B172F1FA22A6D009C604D /* Meal TrackerUITests.xctest */,
			);
			name = Products;
			sourceTree = "<group>";
		};
		116B17121FA22A6D009C604D /* Meal Tracker */ = {
			isa = PBXGroup;
			children = (
				116B17131FA22A6D009C604D /* AppDelegate.swift */,
				116B17151FA22A6D009C604D /* ViewController.swift */,
				116B17411FA22C1E009C604D /* FoodTableViewController.swift */,
				116B17171FA22A6D009C604D /* Main.storyboard */,
				116B17451FA22D1E009C604D /* Food.swift */,
				116B17431FA22D0B009C604D /* Meal.swift */,
				116B171A1FA22A6D009C604D /* Assets.xcassets */,
				116B171C1FA22A6D009C604D /* LaunchScreen.storyboard */,
				116B171F1FA22A6D009C604D /* Info.plist */,
			);
			path = "Meal Tracker";
			sourceTree = "<group>";
		};
		116B17271FA22A6D009C604D /* Meal TrackerTests */ = {
			isa = PBXGroup;
			children = (
				116B17281FA22A6D009C604D /* Meal_TrackerTests.swift */,
				116B172A1FA22A6D009C604D /* Info.plist */,
			);
			path = "Meal TrackerTests";
			sourceTree = "<group>";
		};
		116B17321FA22A6D009C604D /* Meal TrackerUITests */ = {
			isa = PBXGroup;
			children = (
				116B17331FA22A6D009C604D /* Meal_TrackerUITests.swift */,
				116B17351FA22A6D009C604D /* Info.plist */,
			);
			path = "Meal TrackerUITests";
			sourceTree = "<group>";
		};
/* End PBXGroup section */

/* Begin PBXNativeTarget section */
		116B170F1FA22A6D009C604D /* Meal Tracker */ = {
			isa = PBXNativeTarget;
			buildConfigurationList = 116B17381FA22A6D009C604D /* Build configuration list for PBXNativeTarget "Meal Tracker" */;
			buildPhases = (
				116B170C1FA22A6D009C604D /* Sources */,
				116B170D1FA22A6D009C604D /* Frameworks */,
				116B170E1FA22A6D009C604D /* Resources */,
			);
			buildRules = (
			);
			dependencies = (
			);
			name = "Meal Tracker";
			productName = "Meal Tracker";
			productReference = 116B17101FA22A6D009C604D /* Meal Tracker.app */;
			productType = "com.apple.product-type.application";
		};
		116B17231FA22A6D009C604D /* Meal TrackerTests */ = {
			isa = PBXNativeTarget;
			buildConfigurationList = 116B173B1FA22A6D009C604D /* Build configuration list for PBXNativeTarget "Meal TrackerTests" */;
			buildPhases = (
				116B17201FA22A6D009C604D /* Sources */,
				116B17211FA22A6D009C604D /* Frameworks */,
				116B17221FA22A6D009C604D /* Resources */,
			);
			buildRules = (
			);
			dependencies = (
				116B17261FA22A6D009C604D /* PBXTargetDependency */,
			);
			name = "Meal TrackerTests";
			productName = "Meal TrackerTests";
			productReference = 116B17241FA22A6D009C604D /* Meal TrackerTests.xctest */;
			productType = "com.apple.product-type.bundle.unit-test";
		};
		116B172E1FA22A6D009C604D /* Meal TrackerUITests */ = {
			isa = PBXNativeTarget;
			buildConfigurationList = 116B173E1FA22A6D009C604D /* Build configuration list for PBXNativeTarget "Meal TrackerUITests" */;
			buildPhases = (
				116B172B1FA22A6D009C604D /* Sources */,
				116B172C1FA22A6D009C604D /* Frameworks */,
				116B172D1FA22A6D009C604D /* Resources */,
			);
			buildRules = (
			);
			dependencies = (
				116B17311FA22A6D009C604D /* PBXTargetDependency */,
			);
			name = "Meal TrackerUITests";
			productName = "Meal TrackerUITests";
			productReference = 116B172F1FA22A6D009C604D /* Meal TrackerUITests.xctest */;
			productType = "com.apple.product-type.bundle.ui-testing";
		};
/* End PBXNativeTarget section */

/* Begin PBXProject section */
		116B17081FA22A6D009C604D /* Project object */ = {
			isa = PBXProject;
			attributes = {
				LastSwiftUpdateCheck = 0900;
				LastUpgradeCheck = 0900;
				ORGANIZATIONNAME = "Phillip Carlino";
				TargetAttributes = {
					116B170F1FA22A6D009C604D = {
						CreatedOnToolsVersion = 9.0.1;
						ProvisioningStyle = Automatic;
					};
					116B17231FA22A6D009C604D = {
						CreatedOnToolsVersion = 9.0.1;
						ProvisioningStyle = Automatic;
						TestTargetID = 116B170F1FA22A6D009C604D;
					};
					116B172E1FA22A6D009C604D = {
						CreatedOnToolsVersion = 9.0.1;
						ProvisioningStyle = Automatic;
						TestTargetID = 116B170F1FA22A6D009C604D;
					};
				};
			};
			buildConfigurationList = 116B170B1FA22A6D009C604D /* Build configuration list for PBXProject "Meal Tracker" */;
			compatibilityVersion = "Xcode 8.0";
			developmentRegion = en;
			hasScannedForEncodings = 0;
			knownRegions = (
				en,
				Base,
			);
			mainGroup = 116B17071FA22A6D009C604D;
			productRefGroup = 116B17111FA22A6D009C604D /* Products */;
			projectDirPath = "";
			projectRoot = "";
			targets = (
				116B170F1FA22A6D009C604D /* Meal Tracker */,
				116B17231FA22A6D009C604D /* Meal TrackerTests */,
				116B172E1FA22A6D009C604D /* Meal TrackerUITests */,
			);
		};
/* End PBXProject section */

/* Begin PBXResourcesBuildPhase section */
		116B170E1FA22A6D009C604D /* Resources */ = {
			isa = PBXResourcesBuildPhase;
			buildActionMask = 2147483647;
			files = (
				116B171E1FA22A6D009C604D /* LaunchScreen.storyboard in Resources */,
				116B171B1FA22A6D009C604D /* Assets.xcassets in Resources */,
				116B17191FA22A6D009C604D /* Main.storyboard in Resources */,
			);
			runOnlyForDeploymentPostprocessing = 0;
		};
		116B17221FA22A6D009C604D /* Resources */ = {
			isa = PBXResourcesBuildPhase;
			buildActionMask = 2147483647;
			files = (
			);
			runOnlyForDeploymentPostprocessing = 0;
		};
		116B172D1FA22A6D009C604D /* Resources */ = {
			isa = PBXResourcesBuildPhase;
			buildActionMask = 2147483647;
			files = (
			);
			runOnlyForDeploymentPostprocessing = 0;
		};
/* End PBXResourcesBuildPhase section */

/* Begin PBXSourcesBuildPhase section */
		116B170C1FA22A6D009C604D /* Sources */ = {
			isa = PBXSourcesBuildPhase;
			buildActionMask = 2147483647;
			files = (
				116B17441FA22D0B009C604D /* Meal.swift in Sources */,
				116B17161FA22A6D009C604D /* ViewController.swift in Sources */,
				116B17461FA22D1E009C604D /* Food.swift in Sources */,
				116B17421FA22C1E009C604D /* FoodTableViewController.swift in Sources */,
				116B17141FA22A6D009C604D /* AppDelegate.swift in Sources */,
			);
			runOnlyForDeploymentPostprocessing = 0;
		};
		116B17201FA22A6D009C604D /* Sources */ = {
			isa = PBXSourcesBuildPhase;
			buildActionMask = 2147483647;
			files = (
				116B17291FA22A6D009C604D /* Meal_TrackerTests.swift in Sources */,
			);
			runOnlyForDeploymentPostprocessing = 0;
		};
		116B172B1FA22A6D009C604D /* Sources */ = {
			isa = PBXSourcesBuildPhase;
			buildActionMask = 2147483647;
			files = (
				116B17341FA22A6D009C604D /* Meal_TrackerUITests.swift in Sources */,
			);
			runOnlyForDeploymentPostprocessing = 0;
		};
/* End PBXSourcesBuildPhase section */

/* Begin PBXTargetDependency section */
		116B17261FA22A6D009C604D /* PBXTargetDependency */ = {
			isa = PBXTargetDependency;
			target = 116B170F1FA22A6D009C604D /* Meal Tracker */;
			targetProxy = 116B17251FA22A6D009C604D /* PBXContainerItemProxy */;
		};
		116B17311FA22A6D009C604D /* PBXTargetDependency */ = {
			isa = PBXTargetDependency;
			target = 116B170F1FA22A6D009C604D /* Meal Tracker */;
			targetProxy = 116B17301FA22A6D009C604D /* PBXContainerItemProxy */;
		};
/* End PBXTargetDependency section */

/* Begin PBXVariantGroup section */
		116B17171FA22A6D009C604D /* Main.storyboard */ = {
			isa = PBXVariantGroup;
			children = (
				116B17181FA22A6D009C604D /* Base */,
			);
			name = Main.storyboard;
			sourceTree = "<group>";
		};
		116B171C1FA22A6D009C604D /* LaunchScreen.storyboard */ = {
			isa = PBXVariantGroup;
			children = (
				116B171D1FA22A6D009C604D /* Base */,
			);
			name = LaunchScreen.storyboard;
			sourceTree = "<group>";
		};
/* End PBXVariantGroup section */

/* Begin XCBuildConfiguration section */
		116B17361FA22A6D009C604D /* Debug */ = {
			isa = XCBuildConfiguration;
			buildSettings = {
				ALWAYS_SEARCH_USER_PATHS = NO;
				CLANG_ANALYZER_NONNULL = YES;
				CLANG_ANALYZER_NUMBER_OBJECT_CONVERSION = YES_AGGRESSIVE;
				CLANG_CXX_LANGUAGE_STANDARD = "gnu++14";
				CLANG_CXX_LIBRARY = "libc++";
				CLANG_ENABLE_MODULES = YES;
				CLANG_ENABLE_OBJC_ARC = YES;
				CLANG_WARN_BLOCK_CAPTURE_AUTORELEASING = YES;
				CLANG_WARN_BOOL_CONVERSION = YES;
				CLANG_WARN_COMMA = YES;
				CLANG_WARN_CONSTANT_CONVERSION = YES;
				CLANG_WARN_DIRECT_OBJC_ISA_USAGE = YES_ERROR;
				CLANG_WARN_DOCUMENTATION_COMMENTS = YES;
				CLANG_WARN_EMPTY_BODY = YES;
				CLANG_WARN_ENUM_CONVERSION = YES;
				CLANG_WARN_INFINITE_RECURSION = YES;
				CLANG_WARN_INT_CONVERSION = YES;
				CLANG_WARN_NON_LITERAL_NULL_CONVERSION = YES;
				CLANG_WARN_OBJC_LITERAL_CONVERSION = YES;
				CLANG_WARN_OBJC_ROOT_CLASS = YES_ERROR;
				CLANG_WARN_RANGE_LOOP_ANALYSIS = YES;
				CLANG_WARN_STRICT_PROTOTYPES = YES;
				CLANG_WARN_SUSPICIOUS_MOVE = YES;
				CLANG_WARN_UNGUARDED_AVAILABILITY = YES_AGGRESSIVE;
				CLANG_WARN_UNREACHABLE_CODE = YES;
				CLANG_WARN__DUPLICATE_METHOD_MATCH = YES;
				CODE_SIGN_IDENTITY = "iPhone Developer";
				COPY_PHASE_STRIP = NO;
				DEBUG_INFORMATION_FORMAT = dwarf;
				ENABLE_STRICT_OBJC_MSGSEND = YES;
				ENABLE_TESTABILITY = YES;
				GCC_C_LANGUAGE_STANDARD = gnu11;
				GCC_DYNAMIC_NO_PIC = NO;
				GCC_NO_COMMON_BLOCKS = YES;
				GCC_OPTIMIZATION_LEVEL = 0;
				GCC_PREPROCESSOR_DEFINITIONS = (
					"DEBUG=1",
					"$(inherited)",
				);
				GCC_WARN_64_TO_32_BIT_CONVERSION = YES;
				GCC_WARN_ABOUT_RETURN_TYPE = YES_ERROR;
				GCC_WARN_UNDECLARED_SELECTOR = YES;
				GCC_WARN_UNINITIALIZED_AUTOS = YES_AGGRESSIVE;
				GCC_WARN_UNUSED_FUNCTION = YES;
				GCC_WARN_UNUSED_VARIABLE = YES;
				IPHONEOS_DEPLOYMENT_TARGET = 11.0;
				MTL_ENABLE_DEBUG_INFO = YES;
				ONLY_ACTIVE_ARCH = YES;
				SDKROOT = iphoneos;
				SWIFT_ACTIVE_COMPILATION_CONDITIONS = DEBUG;
				SWIFT_OPTIMIZATION_LEVEL = "-Onone";
			};
			name = Debug;
		};
		116B17371FA22A6D009C604D /* Release */ = {
			isa = XCBuildConfiguration;
			buildSettings = {
				ALWAYS_SEARCH_USER_PATHS = NO;
				CLANG_ANALYZER_NONNULL = YES;
				CLANG_ANALYZER_NUMBER_OBJECT_CONVERSION = YES_AGGRESSIVE;
				CLANG_CXX_LANGUAGE_STANDARD = "gnu++14";
				CLANG_CXX_LIBRARY = "libc++";
				CLANG_ENABLE_MODULES = YES;
				CLANG_ENABLE_OBJC_ARC = YES;
				CLANG_WARN_BLOCK_CAPTURE_AUTORELEASING = YES;
				CLANG_WARN_BOOL_CONVERSION = YES;
				CLANG_WARN_COMMA = YES;
				CLANG_WARN_CONSTANT_CONVERSION = YES;
				CLANG_WARN_DIRECT_OBJC_ISA_USAGE = YES_ERROR;
				CLANG_WARN_DOCUMENTATION_COMMENTS = YES;
				CLANG_WARN_EMPTY_BODY = YES;
				CLANG_WARN_ENUM_CONVERSION = YES;
				CLANG_WARN_INFINITE_RECURSION = YES;
				CLANG_WARN_INT_CONVERSION = YES;
				CLANG_WARN_NON_LITERAL_NULL_CONVERSION = YES;
				CLANG_WARN_OBJC_LITERAL_CONVERSION = YES;
				CLANG_WARN_OBJC_ROOT_CLASS = YES_ERROR;
				CLANG_WARN_RANGE_LOOP_ANALYSIS = YES;
				CLANG_WARN_STRICT_PROTOTYPES = YES;
				CLANG_WARN_SUSPICIOUS_MOVE = YES;
				CLANG_WARN_UNGUARDED_AVAILABILITY = YES_AGGRESSIVE;
				CLANG_WARN_UNREACHABLE_CODE = YES;
				CLANG_WARN__DUPLICATE_METHOD_MATCH = YES;
				CODE_SIGN_IDENTITY = "iPhone Developer";
				COPY_PHASE_STRIP = NO;
				DEBUG_INFORMATION_FORMAT = "dwarf-with-dsym";
				ENABLE_NS_ASSERTIONS = NO;
				ENABLE_STRICT_OBJC_MSGSEND = YES;
				GCC_C_LANGUAGE_STANDARD = gnu11;
				GCC_NO_COMMON_BLOCKS = YES;
				GCC_WARN_64_TO_32_BIT_CONVERSION = YES;
				GCC_WARN_ABOUT_RETURN_TYPE = YES_ERROR;
				GCC_WARN_UNDECLARED_SELECTOR = YES;
				GCC_WARN_UNINITIALIZED_AUTOS = YES_AGGRESSIVE;
				GCC_WARN_UNUSED_FUNCTION = YES;
				GCC_WARN_UNUSED_VARIABLE = YES;
				IPHONEOS_DEPLOYMENT_TARGET = 11.0;
				MTL_ENABLE_DEBUG_INFO = NO;
				SDKROOT = iphoneos;
				SWIFT_OPTIMIZATION_LEVEL = "-Owholemodule";
				VALIDATE_PRODUCT = YES;
			};
			name = Release;
		};
		116B17391FA22A6D009C604D /* Debug */ = {
			isa = XCBuildConfiguration;
			buildSettings = {
				ASSETCATALOG_COMPILER_APPICON_NAME = AppIcon;
				CODE_SIGN_STYLE = Automatic;
				DEVELOPMENT_TEAM = T29WFY4Z2P;
				INFOPLIST_FILE = "Meal Tracker/Info.plist";
				LD_RUNPATH_SEARCH_PATHS = "$(inherited) @executable_path/Frameworks";
				PRODUCT_BUNDLE_IDENTIFIER = "com.haligrove.Meal-Tracker";
				PRODUCT_NAME = "$(TARGET_NAME)";
				SWIFT_VERSION = 4.0;
				TARGETED_DEVICE_FAMILY = "1,2";
			};
			name = Debug;
		};
		116B173A1FA22A6D009C604D /* Release */ = {
			isa = XCBuildConfiguration;
			buildSettings = {
				ASSETCATALOG_COMPILER_APPICON_NAME = AppIcon;
				CODE_SIGN_STYLE = Automatic;
				DEVELOPMENT_TEAM = T29WFY4Z2P;
				INFOPLIST_FILE = "Meal Tracker/Info.plist";
				LD_RUNPATH_SEARCH_PATHS = "$(inherited) @executable_path/Frameworks";
				PRODUCT_BUNDLE_IDENTIFIER = "com.haligrove.Meal-Tracker";
				PRODUCT_NAME = "$(TARGET_NAME)";
				SWIFT_VERSION = 4.0;
				TARGETED_DEVICE_FAMILY = "1,2";
			};
			name = Release;
		};
		116B173C1FA22A6D009C604D /* Debug */ = {
			isa = XCBuildConfiguration;
			buildSettings = {
				ALWAYS_EMBED_SWIFT_STANDARD_LIBRARIES = YES;
				BUNDLE_LOADER = "$(TEST_HOST)";
				CODE_SIGN_STYLE = Automatic;
				DEVELOPMENT_TEAM = T29WFY4Z2P;
				INFOPLIST_FILE = "Meal TrackerTests/Info.plist";
				LD_RUNPATH_SEARCH_PATHS = "$(inherited) @executable_path/Frameworks @loader_path/Frameworks";
				PRODUCT_BUNDLE_IDENTIFIER = "com.haligrove.Meal-TrackerTests";
				PRODUCT_NAME = "$(TARGET_NAME)";
				SWIFT_VERSION = 4.0;
				TARGETED_DEVICE_FAMILY = "1,2";
				TEST_HOST = "$(BUILT_PRODUCTS_DIR)/Meal Tracker.app/Meal Tracker";
			};
			name = Debug;
		};
		116B173D1FA22A6D009C604D /* Release */ = {
			isa = XCBuildConfiguration;
			buildSettings = {
				ALWAYS_EMBED_SWIFT_STANDARD_LIBRARIES = YES;
				BUNDLE_LOADER = "$(TEST_HOST)";
				CODE_SIGN_STYLE = Automatic;
				DEVELOPMENT_TEAM = T29WFY4Z2P;
				INFOPLIST_FILE = "Meal TrackerTests/Info.plist";
				LD_RUNPATH_SEARCH_PATHS = "$(inherited) @executable_path/Frameworks @loader_path/Frameworks";
				PRODUCT_BUNDLE_IDENTIFIER = "com.haligrove.Meal-TrackerTests";
				PRODUCT_NAME = "$(TARGET_NAME)";
				SWIFT_VERSION = 4.0;
				TARGETED_DEVICE_FAMILY = "1,2";
				TEST_HOST = "$(BUILT_PRODUCTS_DIR)/Meal Tracker.app/Meal Tracker";
			};
			name = Release;
		};
		116B173F1FA22A6D009C604D /* Debug */ = {
			isa = XCBuildConfiguration;
			buildSettings = {
				ALWAYS_EMBED_SWIFT_STANDARD_LIBRARIES = YES;
				CODE_SIGN_STYLE = Automatic;
				DEVELOPMENT_TEAM = T29WFY4Z2P;
				INFOPLIST_FILE = "Meal TrackerUITests/Info.plist";
				LD_RUNPATH_SEARCH_PATHS = "$(inherited) @executable_path/Frameworks @loader_path/Frameworks";
				PRODUCT_BUNDLE_IDENTIFIER = "com.haligrove.Meal-TrackerUITests";
				PRODUCT_NAME = "$(TARGET_NAME)";
				SWIFT_VERSION = 4.0;
				TARGETED_DEVICE_FAMILY = "1,2";
				TEST_TARGET_NAME = "Meal Tracker";
			};
			name = Debug;
		};
		116B17401FA22A6D009C604D /* Release */ = {
			isa = XCBuildConfiguration;
			buildSettings = {
				ALWAYS_EMBED_SWIFT_STANDARD_LIBRARIES = YES;
				CODE_SIGN_STYLE = Automatic;
				DEVELOPMENT_TEAM = T29WFY4Z2P;
				INFOPLIST_FILE = "Meal TrackerUITests/Info.plist";
				LD_RUNPATH_SEARCH_PATHS = "$(inherited) @executable_path/Frameworks @loader_path/Frameworks";
				PRODUCT_BUNDLE_IDENTIFIER = "com.haligrove.Meal-TrackerUITests";
				PRODUCT_NAME = "$(TARGET_NAME)";
				SWIFT_VERSION = 4.0;
				TARGETED_DEVICE_FAMILY = "1,2";
				TEST_TARGET_NAME = "Meal Tracker";
			};
			name = Release;
		};
/* End XCBuildConfiguration section */

/* Begin XCConfigurationList section */
		116B170B1FA22A6D009C604D /* Build configuration list for PBXProject "Meal Tracker" */ = {
			isa = XCConfigurationList;
			buildConfigurations = (
				116B17361FA22A6D009C604D /* Debug */,
				116B17371FA22A6D009C604D /* Release */,
			);
			defaultConfigurationIsVisible = 0;
			defaultConfigurationName = Release;
		};
		116B17381FA22A6D009C604D /* Build configuration list for PBXNativeTarget "Meal Tracker" */ = {
			isa = XCConfigurationList;
			buildConfigurations = (
				116B17391FA22A6D009C604D /* Debug */,
				116B173A1FA22A6D009C604D /* Release */,
			);
			defaultConfigurationIsVisible = 0;
			defaultConfigurationName = Release;
		};
		116B173B1FA22A6D009C604D /* Build configuration list for PBXNativeTarget "Meal TrackerTests" */ = {
			isa = XCConfigurationList;
			buildConfigurations = (
				116B173C1FA22A6D009C604D /* Debug */,
				116B173D1FA22A6D009C604D /* Release */,
			);
			defaultConfigurationIsVisible = 0;
			defaultConfigurationName = Release;
		};
		116B173E1FA22A6D009C604D /* Build configuration list for PBXNativeTarget "Meal TrackerUITests" */ = {
			isa = XCConfigurationList;
			buildConfigurations = (
				116B173F1FA22A6D009C604D /* Debug */,
				116B17401FA22A6D009C604D /* Release */,
			);
			defaultConfigurationIsVisible = 0;
			defaultConfigurationName = Release;
		};
/* End XCConfigurationList section */
	};
	rootObject = 116B17081FA22A6D009C604D /* Project object */;
}
