// !$*UTF8*$!
{
	archiveVersion = 1;
	classes = {
	};
	objectVersion = 48;
	objects = {

/* Begin PBXBuildFile section */
		11013C5E1FF6F34800668BE9 /* GoogleService-Info.plist in Resources */ = {isa = PBXBuildFile; fileRef = 11013C5D1FF6F34800668BE9 /* GoogleService-Info.plist */; };
		11013C601FF71AF400668BE9 /* GoogleService-Info.plist in Resources */ = {isa = PBXBuildFile; fileRef = 11013C5F1FF71AF400668BE9 /* GoogleService-Info.plist */; };
		1121677F1FE5BA4F0082F394 /* AppDelegate.swift in Sources */ = {isa = PBXBuildFile; fileRef = 1121677E1FE5BA4F0082F394 /* AppDelegate.swift */; };
		112167811FE5BA4F0082F394 /* ViewController.swift in Sources */ = {isa = PBXBuildFile; fileRef = 112167801FE5BA4F0082F394 /* ViewController.swift */; };
		112167861FE5BA4F0082F394 /* Assets.xcassets in Resources */ = {isa = PBXBuildFile; fileRef = 112167851FE5BA4F0082F394 /* Assets.xcassets */; };
		112167891FE5BA4F0082F394 /* LaunchScreen.storyboard in Resources */ = {isa = PBXBuildFile; fileRef = 112167871FE5BA4F0082F394 /* LaunchScreen.storyboard */; };
		112167911FE5DD0E0082F394 /* LoginController.swift in Sources */ = {isa = PBXBuildFile; fileRef = 112167901FE5DD0E0082F394 /* LoginController.swift */; };
		11DD0DC51FF85F040084C6DE /* newMessageController.swift in Sources */ = {isa = PBXBuildFile; fileRef = 11DD0DC41FF85F040084C6DE /* newMessageController.swift */; };
		3BFF52ED8062DB7FF6B9FBD6 /* Pods_LoginFirebase.framework in Frameworks */ = {isa = PBXBuildFile; fileRef = 283AB1F87D446340597C5E3E /* Pods_LoginFirebase.framework */; };
/* End PBXBuildFile section */

/* Begin PBXFileReference section */
		11013C5D1FF6F34800668BE9 /* GoogleService-Info.plist */ = {isa = PBXFileReference; fileEncoding = 4; lastKnownFileType = text.plist.xml; path = "GoogleService-Info.plist"; sourceTree = "<group>"; };
		11013C5F1FF71AF400668BE9 /* GoogleService-Info.plist */ = {isa = PBXFileReference; fileEncoding = 4; lastKnownFileType = text.plist.xml; name = "GoogleService-Info.plist"; path = "../../../Downloads/GoogleService-Info.plist"; sourceTree = "<group>"; };
		1121677B1FE5BA4F0082F394 /* LoginFirebase.app */ = {isa = PBXFileReference; explicitFileType = wrapper.application; includeInIndex = 0; path = LoginFirebase.app; sourceTree = BUILT_PRODUCTS_DIR; };
		1121677E1FE5BA4F0082F394 /* AppDelegate.swift */ = {isa = PBXFileReference; lastKnownFileType = sourcecode.swift; path = AppDelegate.swift; sourceTree = "<group>"; };
		112167801FE5BA4F0082F394 /* ViewController.swift */ = {isa = PBXFileReference; lastKnownFileType = sourcecode.swift; path = ViewController.swift; sourceTree = "<group>"; };
		112167851FE5BA4F0082F394 /* Assets.xcassets */ = {isa = PBXFileReference; lastKnownFileType = folder.assetcatalog; path = Assets.xcassets; sourceTree = "<group>"; };
		112167881FE5BA4F0082F394 /* Base */ = {isa = PBXFileReference; lastKnownFileType = file.storyboard; name = Base; path = Base.lproj/LaunchScreen.storyboard; sourceTree = "<group>"; };
		1121678A1FE5BA4F0082F394 /* Info.plist */ = {isa = PBXFileReference; lastKnownFileType = text.plist.xml; path = Info.plist; sourceTree = "<group>"; };
		112167901FE5DD0E0082F394 /* LoginController.swift */ = {isa = PBXFileReference; lastKnownFileType = sourcecode.swift; path = LoginController.swift; sourceTree = "<group>"; };
		1140400C1FE9F26300A751E8 /* GoogleService-Info.plist */ = {isa = PBXFileReference; lastKnownFileType = text.plist.xml; path = "GoogleService-Info.plist"; sourceTree = "<group>"; };
		11DD0DC41FF85F040084C6DE /* newMessageController.swift */ = {isa = PBXFileReference; lastKnownFileType = sourcecode.swift; path = newMessageController.swift; sourceTree = "<group>"; };
		283AB1F87D446340597C5E3E /* Pods_LoginFirebase.framework */ = {isa = PBXFileReference; explicitFileType = wrapper.framework; includeInIndex = 0; path = Pods_LoginFirebase.framework; sourceTree = BUILT_PRODUCTS_DIR; };
		3C8F670030397EE710FFC2F8 /* Pods-LoginFirebase.debug.xcconfig */ = {isa = PBXFileReference; includeInIndex = 1; lastKnownFileType = text.xcconfig; name = "Pods-LoginFirebase.debug.xcconfig"; path = "Pods/Target Support Files/Pods-LoginFirebase/Pods-LoginFirebase.debug.xcconfig"; sourceTree = "<group>"; };
		3E2E680E6F5875CF92A117DB /* Pods-LoginFirebase.release.xcconfig */ = {isa = PBXFileReference; includeInIndex = 1; lastKnownFileType = text.xcconfig; name = "Pods-LoginFirebase.release.xcconfig"; path = "Pods/Target Support Files/Pods-LoginFirebase/Pods-LoginFirebase.release.xcconfig"; sourceTree = "<group>"; };
/* End PBXFileReference section */

/* Begin PBXFrameworksBuildPhase section */
		112167781FE5BA4F0082F394 /* Frameworks */ = {
			isa = PBXFrameworksBuildPhase;
			buildActionMask = 2147483647;
			files = (
				3BFF52ED8062DB7FF6B9FBD6 /* Pods_LoginFirebase.framework in Frameworks */,
			);
			runOnlyForDeploymentPostprocessing = 0;
		};
/* End PBXFrameworksBuildPhase section */

/* Begin PBXGroup section */
		112167721FE5BA4F0082F394 = {
			isa = PBXGroup;
			children = (
				11013C5D1FF6F34800668BE9 /* GoogleService-Info.plist */,
				11013C5F1FF71AF400668BE9 /* GoogleService-Info.plist */,
				1121677D1FE5BA4F0082F394 /* LoginFirebase */,
				1121677C1FE5BA4F0082F394 /* Products */,
				85A1796312597E5D2B7EF002 /* Pods */,
				F6349FEAB06E61CBF9869E58 /* Frameworks */,
			);
			sourceTree = "<group>";
		};
		1121677C1FE5BA4F0082F394 /* Products */ = {
			isa = PBXGroup;
			children = (
				1121677B1FE5BA4F0082F394 /* LoginFirebase.app */,
			);
			name = Products;
			sourceTree = "<group>";
		};
		1121677D1FE5BA4F0082F394 /* LoginFirebase */ = {
			isa = PBXGroup;
			children = (
				112167921FE5DD560082F394 /* Controllers */,
				1121677E1FE5BA4F0082F394 /* AppDelegate.swift */,
				112167851FE5BA4F0082F394 /* Assets.xcassets */,
				112167871FE5BA4F0082F394 /* LaunchScreen.storyboard */,
				1140400C1FE9F26300A751E8 /* GoogleService-Info.plist */,
				1121678A1FE5BA4F0082F394 /* Info.plist */,
			);
			path = LoginFirebase;
			sourceTree = "<group>";
		};
		112167921FE5DD560082F394 /* Controllers */ = {
			isa = PBXGroup;
			children = (
				112167901FE5DD0E0082F394 /* LoginController.swift */,
				112167801FE5BA4F0082F394 /* ViewController.swift */,
				11DD0DC41FF85F040084C6DE /* newMessageController.swift */,
			);
			path = Controllers;
			sourceTree = "<group>";
		};
		85A1796312597E5D2B7EF002 /* Pods */ = {
			isa = PBXGroup;
			children = (
				3C8F670030397EE710FFC2F8 /* Pods-LoginFirebase.debug.xcconfig */,
				3E2E680E6F5875CF92A117DB /* Pods-LoginFirebase.release.xcconfig */,
			);
			name = Pods;
			sourceTree = "<group>";
		};
		F6349FEAB06E61CBF9869E58 /* Frameworks */ = {
			isa = PBXGroup;
			children = (
				283AB1F87D446340597C5E3E /* Pods_LoginFirebase.framework */,
			);
			name = Frameworks;
			sourceTree = "<group>";
		};
/* End PBXGroup section */

/* Begin PBXNativeTarget section */
		1121677A1FE5BA4F0082F394 /* LoginFirebase */ = {
			isa = PBXNativeTarget;
			buildConfigurationList = 1121678D1FE5BA4F0082F394 /* Build configuration list for PBXNativeTarget "LoginFirebase" */;
			buildPhases = (
				7373CB1D606D8ED4C796AE24 /* [CP] Check Pods Manifest.lock */,
				112167771FE5BA4F0082F394 /* Sources */,
				112167781FE5BA4F0082F394 /* Frameworks */,
				112167791FE5BA4F0082F394 /* Resources */,
				1591D7CB48D154528E802DD3 /* [CP] Embed Pods Frameworks */,
				85DF85D3A08386C8F6C012CD /* [CP] Copy Pods Resources */,
			);
			buildRules = (
			);
			dependencies = (
			);
			name = LoginFirebase;
			productName = LoginFirebase;
			productReference = 1121677B1FE5BA4F0082F394 /* LoginFirebase.app */;
			productType = "com.apple.product-type.application";
		};
/* End PBXNativeTarget section */

/* Begin PBXProject section */
		112167731FE5BA4F0082F394 /* Project object */ = {
			isa = PBXProject;
			attributes = {
				LastSwiftUpdateCheck = 0920;
				LastUpgradeCheck = 0920;
				ORGANIZATIONNAME = "Phillip Carlino";
				TargetAttributes = {
					1121677A1FE5BA4F0082F394 = {
						CreatedOnToolsVersion = 9.2;
						ProvisioningStyle = Automatic;
					};
				};
			};
			buildConfigurationList = 112167761FE5BA4F0082F394 /* Build configuration list for PBXProject "LoginFirebase" */;
			compatibilityVersion = "Xcode 8.0";
			developmentRegion = en;
			hasScannedForEncodings = 0;
			knownRegions = (
				en,
				Base,
			);
			mainGroup = 112167721FE5BA4F0082F394;
			productRefGroup = 1121677C1FE5BA4F0082F394 /* Products */;
			projectDirPath = "";
			projectRoot = "";
			targets = (
				1121677A1FE5BA4F0082F394 /* LoginFirebase */,
			);
		};
/* End PBXProject section */

/* Begin PBXResourcesBuildPhase section */
		112167791FE5BA4F0082F394 /* Resources */ = {
			isa = PBXResourcesBuildPhase;
			buildActionMask = 2147483647;
			files = (
				112167891FE5BA4F0082F394 /* LaunchScreen.storyboard in Resources */,
				11013C601FF71AF400668BE9 /* GoogleService-Info.plist in Resources */,
				112167861FE5BA4F0082F394 /* Assets.xcassets in Resources */,
				11013C5E1FF6F34800668BE9 /* GoogleService-Info.plist in Resources */,
			);
			runOnlyForDeploymentPostprocessing = 0;
		};
/* End PBXResourcesBuildPhase section */

/* Begin PBXShellScriptBuildPhase section */
		1591D7CB48D154528E802DD3 /* [CP] Embed Pods Frameworks */ = {
			isa = PBXShellScriptBuildPhase;
			buildActionMask = 2147483647;
			files = (
			);
			inputPaths = (
				"${SRCROOT}/Pods/Target Support Files/Pods-LoginFirebase/Pods-LoginFirebase-frameworks.sh",
				"${BUILT_PRODUCTS_DIR}/GTMSessionFetcher/GTMSessionFetcher.framework",
				"${BUILT_PRODUCTS_DIR}/GoogleToolboxForMac/GoogleToolboxForMac.framework",
				"${BUILT_PRODUCTS_DIR}/nanopb/nanopb.framework",
			);
			name = "[CP] Embed Pods Frameworks";
			outputPaths = (
				"${TARGET_BUILD_DIR}/${FRAMEWORKS_FOLDER_PATH}/GTMSessionFetcher.framework",
				"${TARGET_BUILD_DIR}/${FRAMEWORKS_FOLDER_PATH}/GoogleToolboxForMac.framework",
				"${TARGET_BUILD_DIR}/${FRAMEWORKS_FOLDER_PATH}/nanopb.framework",
			);
			runOnlyForDeploymentPostprocessing = 0;
			shellPath = /bin/sh;
			shellScript = "\"${SRCROOT}/Pods/Target Support Files/Pods-LoginFirebase/Pods-LoginFirebase-frameworks.sh\"\n";
			showEnvVarsInLog = 0;
		};
		7373CB1D606D8ED4C796AE24 /* [CP] Check Pods Manifest.lock */ = {
			isa = PBXShellScriptBuildPhase;
			buildActionMask = 2147483647;
			files = (
			);
			inputPaths = (
				"${PODS_PODFILE_DIR_PATH}/Podfile.lock",
				"${PODS_ROOT}/Manifest.lock",
			);
			name = "[CP] Check Pods Manifest.lock";
			outputPaths = (
				"$(DERIVED_FILE_DIR)/Pods-LoginFirebase-checkManifestLockResult.txt",
			);
			runOnlyForDeploymentPostprocessing = 0;
			shellPath = /bin/sh;
			shellScript = "diff \"${PODS_PODFILE_DIR_PATH}/Podfile.lock\" \"${PODS_ROOT}/Manifest.lock\" > /dev/null\nif [ $? != 0 ] ; then\n    # print error to STDERR\n    echo \"error: The sandbox is not in sync with the Podfile.lock. Run 'pod install' or update your CocoaPods installation.\" >&2\n    exit 1\nfi\n# This output is used by Xcode 'outputs' to avoid re-running this script phase.\necho \"SUCCESS\" > \"${SCRIPT_OUTPUT_FILE_0}\"\n";
			showEnvVarsInLog = 0;
		};
		85DF85D3A08386C8F6C012CD /* [CP] Copy Pods Resources */ = {
			isa = PBXShellScriptBuildPhase;
			buildActionMask = 2147483647;
			files = (
			);
			inputPaths = (
			);
			name = "[CP] Copy Pods Resources";
			outputPaths = (
			);
			runOnlyForDeploymentPostprocessing = 0;
			shellPath = /bin/sh;
			shellScript = "\"${SRCROOT}/Pods/Target Support Files/Pods-LoginFirebase/Pods-LoginFirebase-resources.sh\"\n";
			showEnvVarsInLog = 0;
		};
/* End PBXShellScriptBuildPhase section */

/* Begin PBXSourcesBuildPhase section */
		112167771FE5BA4F0082F394 /* Sources */ = {
			isa = PBXSourcesBuildPhase;
			buildActionMask = 2147483647;
			files = (
				11DD0DC51FF85F040084C6DE /* newMessageController.swift in Sources */,
				112167811FE5BA4F0082F394 /* ViewController.swift in Sources */,
				112167911FE5DD0E0082F394 /* LoginController.swift in Sources */,
				1121677F1FE5BA4F0082F394 /* AppDelegate.swift in Sources */,
			);
			runOnlyForDeploymentPostprocessing = 0;
		};
/* End PBXSourcesBuildPhase section */

/* Begin PBXVariantGroup section */
		112167871FE5BA4F0082F394 /* LaunchScreen.storyboard */ = {
			isa = PBXVariantGroup;
			children = (
				112167881FE5BA4F0082F394 /* Base */,
			);
			name = LaunchScreen.storyboard;
			sourceTree = "<group>";
		};
/* End PBXVariantGroup section */

/* Begin XCBuildConfiguration section */
		1121678B1FE5BA4F0082F394 /* Debug */ = {
			isa = XCBuildConfiguration;
			buildSettings = {
				ALWAYS_SEARCH_USER_PATHS = NO;
				CLANG_ANALYZER_NONNULL = YES;
				CLANG_ANALYZER_NUMBER_OBJECT_CONVERSION = YES_AGGRESSIVE;
				CLANG_CXX_LANGUAGE_STANDARD = "gnu++14";
				CLANG_CXX_LIBRARY = "libc++";
				CLANG_ENABLE_MODULES = YES;
				CLANG_ENABLE_OBJC_ARC = YES;
				CLANG_WARN_BLOCK_CAPTURE_AUTORELEASING = YES;
				CLANG_WARN_BOOL_CONVERSION = YES;
				CLANG_WARN_COMMA = YES;
				CLANG_WARN_CONSTANT_CONVERSION = YES;
				CLANG_WARN_DIRECT_OBJC_ISA_USAGE = YES_ERROR;
				CLANG_WARN_DOCUMENTATION_COMMENTS = YES;
				CLANG_WARN_EMPTY_BODY = YES;
				CLANG_WARN_ENUM_CONVERSION = YES;
				CLANG_WARN_INFINITE_RECURSION = YES;
				CLANG_WARN_INT_CONVERSION = YES;
				CLANG_WARN_NON_LITERAL_NULL_CONVERSION = YES;
				CLANG_WARN_OBJC_LITERAL_CONVERSION = YES;
				CLANG_WARN_OBJC_ROOT_CLASS = YES_ERROR;
				CLANG_WARN_RANGE_LOOP_ANALYSIS = YES;
				CLANG_WARN_STRICT_PROTOTYPES = YES;
				CLANG_WARN_SUSPICIOUS_MOVE = YES;
				CLANG_WARN_UNGUARDED_AVAILABILITY = YES_AGGRESSIVE;
				CLANG_WARN_UNREACHABLE_CODE = YES;
				CLANG_WARN__DUPLICATE_METHOD_MATCH = YES;
				CODE_SIGN_IDENTITY = "iPhone Developer";
				COPY_PHASE_STRIP = NO;
				DEBUG_INFORMATION_FORMAT = dwarf;
				ENABLE_STRICT_OBJC_MSGSEND = YES;
				ENABLE_TESTABILITY = YES;
				GCC_C_LANGUAGE_STANDARD = gnu11;
				GCC_DYNAMIC_NO_PIC = NO;
				GCC_NO_COMMON_BLOCKS = YES;
				GCC_OPTIMIZATION_LEVEL = 0;
				GCC_PREPROCESSOR_DEFINITIONS = (
					"DEBUG=1",
					"$(inherited)",
				);
				GCC_WARN_64_TO_32_BIT_CONVERSION = YES;
				GCC_WARN_ABOUT_RETURN_TYPE = YES_ERROR;
				GCC_WARN_UNDECLARED_SELECTOR = YES;
				GCC_WARN_UNINITIALIZED_AUTOS = YES_AGGRESSIVE;
				GCC_WARN_UNUSED_FUNCTION = YES;
				GCC_WARN_UNUSED_VARIABLE = YES;
				IPHONEOS_DEPLOYMENT_TARGET = 11.2;
				MTL_ENABLE_DEBUG_INFO = YES;
				ONLY_ACTIVE_ARCH = YES;
				SDKROOT = iphoneos;
				SWIFT_ACTIVE_COMPILATION_CONDITIONS = DEBUG;
				SWIFT_OPTIMIZATION_LEVEL = "-Onone";
			};
			name = Debug;
		};
		1121678C1FE5BA4F0082F394 /* Release */ = {
			isa = XCBuildConfiguration;
			buildSettings = {
				ALWAYS_SEARCH_USER_PATHS = NO;
				CLANG_ANALYZER_NONNULL = YES;
				CLANG_ANALYZER_NUMBER_OBJECT_CONVERSION = YES_AGGRESSIVE;
				CLANG_CXX_LANGUAGE_STANDARD = "gnu++14";
				CLANG_CXX_LIBRARY = "libc++";
				CLANG_ENABLE_MODULES = YES;
				CLANG_ENABLE_OBJC_ARC = YES;
				CLANG_WARN_BLOCK_CAPTURE_AUTORELEASING = YES;
				CLANG_WARN_BOOL_CONVERSION = YES;
				CLANG_WARN_COMMA = YES;
				CLANG_WARN_CONSTANT_CONVERSION = YES;
				CLANG_WARN_DIRECT_OBJC_ISA_USAGE = YES_ERROR;
				CLANG_WARN_DOCUMENTATION_COMMENTS = YES;
				CLANG_WARN_EMPTY_BODY = YES;
				CLANG_WARN_ENUM_CONVERSION = YES;
				CLANG_WARN_INFINITE_RECURSION = YES;
				CLANG_WARN_INT_CONVERSION = YES;
				CLANG_WARN_NON_LITERAL_NULL_CONVERSION = YES;
				CLANG_WARN_OBJC_LITERAL_CONVERSION = YES;
				CLANG_WARN_OBJC_ROOT_CLASS = YES_ERROR;
				CLANG_WARN_RANGE_LOOP_ANALYSIS = YES;
				CLANG_WARN_STRICT_PROTOTYPES = YES;
				CLANG_WARN_SUSPICIOUS_MOVE = YES;
				CLANG_WARN_UNGUARDED_AVAILABILITY = YES_AGGRESSIVE;
				CLANG_WARN_UNREACHABLE_CODE = YES;
				CLANG_WARN__DUPLICATE_METHOD_MATCH = YES;
				CODE_SIGN_IDENTITY = "iPhone Developer";
				COPY_PHASE_STRIP = NO;
				DEBUG_INFORMATION_FORMAT = "dwarf-with-dsym";
				ENABLE_NS_ASSERTIONS = NO;
				ENABLE_STRICT_OBJC_MSGSEND = YES;
				GCC_C_LANGUAGE_STANDARD = gnu11;
				GCC_NO_COMMON_BLOCKS = YES;
				GCC_WARN_64_TO_32_BIT_CONVERSION = YES;
				GCC_WARN_ABOUT_RETURN_TYPE = YES_ERROR;
				GCC_WARN_UNDECLARED_SELECTOR = YES;
				GCC_WARN_UNINITIALIZED_AUTOS = YES_AGGRESSIVE;
				GCC_WARN_UNUSED_FUNCTION = YES;
				GCC_WARN_UNUSED_VARIABLE = YES;
				IPHONEOS_DEPLOYMENT_TARGET = 11.2;
				MTL_ENABLE_DEBUG_INFO = NO;
				SDKROOT = iphoneos;
				SWIFT_OPTIMIZATION_LEVEL = "-Owholemodule";
				VALIDATE_PRODUCT = YES;
			};
			name = Release;
		};
		1121678E1FE5BA4F0082F394 /* Debug */ = {
			isa = XCBuildConfiguration;
			baseConfigurationReference = 3C8F670030397EE710FFC2F8 /* Pods-LoginFirebase.debug.xcconfig */;
			buildSettings = {
				ASSETCATALOG_COMPILER_APPICON_NAME = AppIcon;
				CODE_SIGN_STYLE = Automatic;
				DEVELOPMENT_TEAM = T29WFY4Z2P;
				INFOPLIST_FILE = LoginFirebase/Info.plist;
				LD_RUNPATH_SEARCH_PATHS = "$(inherited) @executable_path/Frameworks";
				PRODUCT_BUNDLE_IDENTIFIER = com.haligrove.LoginFirebase;
				PRODUCT_NAME = "$(TARGET_NAME)";
				SWIFT_VERSION = 4.0;
				TARGETED_DEVICE_FAMILY = "1,2";
			};
			name = Debug;
		};
		1121678F1FE5BA4F0082F394 /* Release */ = {
			isa = XCBuildConfiguration;
			baseConfigurationReference = 3E2E680E6F5875CF92A117DB /* Pods-LoginFirebase.release.xcconfig */;
			buildSettings = {
				ASSETCATALOG_COMPILER_APPICON_NAME = AppIcon;
				CODE_SIGN_STYLE = Automatic;
				DEVELOPMENT_TEAM = T29WFY4Z2P;
				INFOPLIST_FILE = LoginFirebase/Info.plist;
				LD_RUNPATH_SEARCH_PATHS = "$(inherited) @executable_path/Frameworks";
				PRODUCT_BUNDLE_IDENTIFIER = com.haligrove.LoginFirebase;
				PRODUCT_NAME = "$(TARGET_NAME)";
				SWIFT_VERSION = 4.0;
				TARGETED_DEVICE_FAMILY = "1,2";
			};
			name = Release;
		};
/* End XCBuildConfiguration section */

/* Begin XCConfigurationList section */
		112167761FE5BA4F0082F394 /* Build configuration list for PBXProject "LoginFirebase" */ = {
			isa = XCConfigurationList;
			buildConfigurations = (
				1121678B1FE5BA4F0082F394 /* Debug */,
				1121678C1FE5BA4F0082F394 /* Release */,
			);
			defaultConfigurationIsVisible = 0;
			defaultConfigurationName = Release;
		};
		1121678D1FE5BA4F0082F394 /* Build configuration list for PBXNativeTarget "LoginFirebase" */ = {
			isa = XCConfigurationList;
			buildConfigurations = (
				1121678E1FE5BA4F0082F394 /* Debug */,
				1121678F1FE5BA4F0082F394 /* Release */,
			);
			defaultConfigurationIsVisible = 0;
			defaultConfigurationName = Release;
		};
/* End XCConfigurationList section */
	};
	rootObject = 112167731FE5BA4F0082F394 /* Project object */;
}
