// !$*UTF8*$!
{
	archiveVersion = 1;
	classes = {
	};
	objectVersion = 48;
	objects = {

/* Begin PBXBuildFile section */
		11AD79531FD0F34300322A7B /* AppDelegate.swift in Sources */ = {isa = PBXBuildFile; fileRef = 11AD79521FD0F34300322A7B /* AppDelegate.swift */; };
		11AD79551FD0F34300322A7B /* ViewController.swift in Sources */ = {isa = PBXBuildFile; fileRef = 11AD79541FD0F34300322A7B /* ViewController.swift */; };
		11AD79581FD0F34300322A7B /* Main.storyboard in Resources */ = {isa = PBXBuildFile; fileRef = 11AD79561FD0F34300322A7B /* Main.storyboard */; };
		11AD795A1FD0F34300322A7B /* Assets.xcassets in Resources */ = {isa = PBXBuildFile; fileRef = 11AD79591FD0F34300322A7B /* Assets.xcassets */; };
		11AD795D1FD0F34300322A7B /* LaunchScreen.storyboard in Resources */ = {isa = PBXBuildFile; fileRef = 11AD795B1FD0F34300322A7B /* LaunchScreen.storyboard */; };
/* End PBXBuildFile section */

/* Begin PBXFileReference section */
		11AD794F1FD0F34300322A7B /* jsonDecodableFromUrl.app */ = {isa = PBXFileReference; explicitFileType = wrapper.application; includeInIndex = 0; path = jsonDecodableFromUrl.app; sourceTree = BUILT_PRODUCTS_DIR; };
		11AD79521FD0F34300322A7B /* AppDelegate.swift */ = {isa = PBXFileReference; lastKnownFileType = sourcecode.swift; path = AppDelegate.swift; sourceTree = "<group>"; };
		11AD79541FD0F34300322A7B /* ViewController.swift */ = {isa = PBXFileReference; lastKnownFileType = sourcecode.swift; path = ViewController.swift; sourceTree = "<group>"; };
		11AD79571FD0F34300322A7B /* Base */ = {isa = PBXFileReference; lastKnownFileType = file.storyboard; name = Base; path = Base.lproj/Main.storyboard; sourceTree = "<group>"; };
		11AD79591FD0F34300322A7B /* Assets.xcassets */ = {isa = PBXFileReference; lastKnownFileType = folder.assetcatalog; path = Assets.xcassets; sourceTree = "<group>"; };
		11AD795C1FD0F34300322A7B /* Base */ = {isa = PBXFileReference; lastKnownFileType = file.storyboard; name = Base; path = Base.lproj/LaunchScreen.storyboard; sourceTree = "<group>"; };
		11AD795E1FD0F34300322A7B /* Info.plist */ = {isa = PBXFileReference; lastKnownFileType = text.plist.xml; path = Info.plist; sourceTree = "<group>"; };
/* End PBXFileReference section */

/* Begin PBXFrameworksBuildPhase section */
		11AD794C1FD0F34300322A7B /* Frameworks */ = {
			isa = PBXFrameworksBuildPhase;
			buildActionMask = 2147483647;
			files = (
			);
			runOnlyForDeploymentPostprocessing = 0;
		};
/* End PBXFrameworksBuildPhase section */

/* Begin PBXGroup section */
		11AD79461FD0F34300322A7B = {
			isa = PBXGroup;
			children = (
				11AD79511FD0F34300322A7B /* jsonDecodableFromUrl */,
				11AD79501FD0F34300322A7B /* Products */,
			);
			sourceTree = "<group>";
		};
		11AD79501FD0F34300322A7B /* Products */ = {
			isa = PBXGroup;
			children = (
				11AD794F1FD0F34300322A7B /* jsonDecodableFromUrl.app */,
			);
			name = Products;
			sourceTree = "<group>";
		};
		11AD79511FD0F34300322A7B /* jsonDecodableFromUrl */ = {
			isa = PBXGroup;
			children = (
				11AD79521FD0F34300322A7B /* AppDelegate.swift */,
				11AD79541FD0F34300322A7B /* ViewController.swift */,
				11AD79561FD0F34300322A7B /* Main.storyboard */,
				11AD79591FD0F34300322A7B /* Assets.xcassets */,
				11AD795B1FD0F34300322A7B /* LaunchScreen.storyboard */,
				11AD795E1FD0F34300322A7B /* Info.plist */,
			);
			path = jsonDecodableFromUrl;
			sourceTree = "<group>";
		};
/* End PBXGroup section */

/* Begin PBXNativeTarget section */
		11AD794E1FD0F34300322A7B /* jsonDecodableFromUrl */ = {
			isa = PBXNativeTarget;
			buildConfigurationList = 11AD79611FD0F34300322A7B /* Build configuration list for PBXNativeTarget "jsonDecodableFromUrl" */;
			buildPhases = (
				11AD794B1FD0F34300322A7B /* Sources */,
				11AD794C1FD0F34300322A7B /* Frameworks */,
				11AD794D1FD0F34300322A7B /* Resources */,
			);
			buildRules = (
			);
			dependencies = (
			);
			name = jsonDecodableFromUrl;
			productName = jsonDecodableFromUrl;
			productReference = 11AD794F1FD0F34300322A7B /* jsonDecodableFromUrl.app */;
			productType = "com.apple.product-type.application";
		};
/* End PBXNativeTarget section */

/* Begin PBXProject section */
		11AD79471FD0F34300322A7B /* Project object */ = {
			isa = PBXProject;
			attributes = {
				LastSwiftUpdateCheck = 0910;
				LastUpgradeCheck = 0910;
				ORGANIZATIONNAME = "Phillip Carlino";
				TargetAttributes = {
					11AD794E1FD0F34300322A7B = {
						CreatedOnToolsVersion = 9.1;
						ProvisioningStyle = Automatic;
					};
				};
			};
			buildConfigurationList = 11AD794A1FD0F34300322A7B /* Build configuration list for PBXProject "jsonDecodableFromUrl" */;
			compatibilityVersion = "Xcode 8.0";
			developmentRegion = en;
			hasScannedForEncodings = 0;
			knownRegions = (
				en,
				Base,
			);
			mainGroup = 11AD79461FD0F34300322A7B;
			productRefGroup = 11AD79501FD0F34300322A7B /* Products */;
			projectDirPath = "";
			projectRoot = "";
			targets = (
				11AD794E1FD0F34300322A7B /* jsonDecodableFromUrl */,
			);
		};
/* End PBXProject section */

/* Begin PBXResourcesBuildPhase section */
		11AD794D1FD0F34300322A7B /* Resources */ = {
			isa = PBXResourcesBuildPhase;
			buildActionMask = 2147483647;
			files = (
				11AD795D1FD0F34300322A7B /* LaunchScreen.storyboard in Resources */,
				11AD795A1FD0F34300322A7B /* Assets.xcassets in Resources */,
				11AD79581FD0F34300322A7B /* Main.storyboard in Resources */,
			);
			runOnlyForDeploymentPostprocessing = 0;
		};
/* End PBXResourcesBuildPhase section */

/* Begin PBXSourcesBuildPhase section */
		11AD794B1FD0F34300322A7B /* Sources */ = {
			isa = PBXSourcesBuildPhase;
			buildActionMask = 2147483647;
			files = (
				11AD79551FD0F34300322A7B /* ViewController.swift in Sources */,
				11AD79531FD0F34300322A7B /* AppDelegate.swift in Sources */,
			);
			runOnlyForDeploymentPostprocessing = 0;
		};
/* End PBXSourcesBuildPhase section */

/* Begin PBXVariantGroup section */
		11AD79561FD0F34300322A7B /* Main.storyboard */ = {
			isa = PBXVariantGroup;
			children = (
				11AD79571FD0F34300322A7B /* Base */,
			);
			name = Main.storyboard;
			sourceTree = "<group>";
		};
		11AD795B1FD0F34300322A7B /* LaunchScreen.storyboard */ = {
			isa = PBXVariantGroup;
			children = (
				11AD795C1FD0F34300322A7B /* Base */,
			);
			name = LaunchScreen.storyboard;
			sourceTree = "<group>";
		};
/* End PBXVariantGroup section */

/* Begin XCBuildConfiguration section */
		11AD795F1FD0F34300322A7B /* Debug */ = {
			isa = XCBuildConfiguration;
			buildSettings = {
				ALWAYS_SEARCH_USER_PATHS = NO;
				CLANG_ANALYZER_NONNULL = YES;
				CLANG_ANALYZER_NUMBER_OBJECT_CONVERSION = YES_AGGRESSIVE;
				CLANG_CXX_LANGUAGE_STANDARD = "gnu++14";
				CLANG_CXX_LIBRARY = "libc++";
				CLANG_ENABLE_MODULES = YES;
				CLANG_ENABLE_OBJC_ARC = YES;
				CLANG_WARN_BLOCK_CAPTURE_AUTORELEASING = YES;
				CLANG_WARN_BOOL_CONVERSION = YES;
				CLANG_WARN_COMMA = YES;
				CLANG_WARN_CONSTANT_CONVERSION = YES;
				CLANG_WARN_DIRECT_OBJC_ISA_USAGE = YES_ERROR;
				CLANG_WARN_DOCUMENTATION_COMMENTS = YES;
				CLANG_WARN_EMPTY_BODY = YES;
				CLANG_WARN_ENUM_CONVERSION = YES;
				CLANG_WARN_INFINITE_RECURSION = YES;
				CLANG_WARN_INT_CONVERSION = YES;
				CLANG_WARN_NON_LITERAL_NULL_CONVERSION = YES;
				CLANG_WARN_OBJC_LITERAL_CONVERSION = YES;
				CLANG_WARN_OBJC_ROOT_CLASS = YES_ERROR;
				CLANG_WARN_RANGE_LOOP_ANALYSIS = YES;
				CLANG_WARN_STRICT_PROTOTYPES = YES;
				CLANG_WARN_SUSPICIOUS_MOVE = YES;
				CLANG_WARN_UNGUARDED_AVAILABILITY = YES_AGGRESSIVE;
				CLANG_WARN_UNREACHABLE_CODE = YES;
				CLANG_WARN__DUPLICATE_METHOD_MATCH = YES;
				CODE_SIGN_IDENTITY = "iPhone Developer";
				COPY_PHASE_STRIP = NO;
				DEBUG_INFORMATION_FORMAT = dwarf;
				ENABLE_STRICT_OBJC_MSGSEND = YES;
				ENABLE_TESTABILITY = YES;
				GCC_C_LANGUAGE_STANDARD = gnu11;
				GCC_DYNAMIC_NO_PIC = NO;
				GCC_NO_COMMON_BLOCKS = YES;
				GCC_OPTIMIZATION_LEVEL = 0;
				GCC_PREPROCESSOR_DEFINITIONS = (
					"DEBUG=1",
					"$(inherited)",
				);
				GCC_WARN_64_TO_32_BIT_CONVERSION = YES;
				GCC_WARN_ABOUT_RETURN_TYPE = YES_ERROR;
				GCC_WARN_UNDECLARED_SELECTOR = YES;
				GCC_WARN_UNINITIALIZED_AUTOS = YES_AGGRESSIVE;
				GCC_WARN_UNUSED_FUNCTION = YES;
				GCC_WARN_UNUSED_VARIABLE = YES;
				IPHONEOS_DEPLOYMENT_TARGET = 11.1;
				MTL_ENABLE_DEBUG_INFO = YES;
				ONLY_ACTIVE_ARCH = YES;
				SDKROOT = iphoneos;
				SWIFT_ACTIVE_COMPILATION_CONDITIONS = DEBUG;
				SWIFT_OPTIMIZATION_LEVEL = "-Onone";
			};
			name = Debug;
		};
		11AD79601FD0F34300322A7B /* Release */ = {
			isa = XCBuildConfiguration;
			buildSettings = {
				ALWAYS_SEARCH_USER_PATHS = NO;
				CLANG_ANALYZER_NONNULL = YES;
				CLANG_ANALYZER_NUMBER_OBJECT_CONVERSION = YES_AGGRESSIVE;
				CLANG_CXX_LANGUAGE_STANDARD = "gnu++14";
				CLANG_CXX_LIBRARY = "libc++";
				CLANG_ENABLE_MODULES = YES;
				CLANG_ENABLE_OBJC_ARC = YES;
				CLANG_WARN_BLOCK_CAPTURE_AUTORELEASING = YES;
				CLANG_WARN_BOOL_CONVERSION = YES;
				CLANG_WARN_COMMA = YES;
				CLANG_WARN_CONSTANT_CONVERSION = YES;
				CLANG_WARN_DIRECT_OBJC_ISA_USAGE = YES_ERROR;
				CLANG_WARN_DOCUMENTATION_COMMENTS = YES;
				CLANG_WARN_EMPTY_BODY = YES;
				CLANG_WARN_ENUM_CONVERSION = YES;
				CLANG_WARN_INFINITE_RECURSION = YES;
				CLANG_WARN_INT_CONVERSION = YES;
				CLANG_WARN_NON_LITERAL_NULL_CONVERSION = YES;
				CLANG_WARN_OBJC_LITERAL_CONVERSION = YES;
				CLANG_WARN_OBJC_ROOT_CLASS = YES_ERROR;
				CLANG_WARN_RANGE_LOOP_ANALYSIS = YES;
				CLANG_WARN_STRICT_PROTOTYPES = YES;
				CLANG_WARN_SUSPICIOUS_MOVE = YES;
				CLANG_WARN_UNGUARDED_AVAILABILITY = YES_AGGRESSIVE;
				CLANG_WARN_UNREACHABLE_CODE = YES;
				CLANG_WARN__DUPLICATE_METHOD_MATCH = YES;
				CODE_SIGN_IDENTITY = "iPhone Developer";
				COPY_PHASE_STRIP = NO;
				DEBUG_INFORMATION_FORMAT = "dwarf-with-dsym";
				ENABLE_NS_ASSERTIONS = NO;
				ENABLE_STRICT_OBJC_MSGSEND = YES;
				GCC_C_LANGUAGE_STANDARD = gnu11;
				GCC_NO_COMMON_BLOCKS = YES;
				GCC_WARN_64_TO_32_BIT_CONVERSION = YES;
				GCC_WARN_ABOUT_RETURN_TYPE = YES_ERROR;
				GCC_WARN_UNDECLARED_SELECTOR = YES;
				GCC_WARN_UNINITIALIZED_AUTOS = YES_AGGRESSIVE;
				GCC_WARN_UNUSED_FUNCTION = YES;
				GCC_WARN_UNUSED_VARIABLE = YES;
				IPHONEOS_DEPLOYMENT_TARGET = 11.1;
				MTL_ENABLE_DEBUG_INFO = NO;
				SDKROOT = iphoneos;
				SWIFT_OPTIMIZATION_LEVEL = "-Owholemodule";
				VALIDATE_PRODUCT = YES;
			};
			name = Release;
		};
		11AD79621FD0F34300322A7B /* Debug */ = {
			isa = XCBuildConfiguration;
			buildSettings = {
				ASSETCATALOG_COMPILER_APPICON_NAME = AppIcon;
				CODE_SIGN_STYLE = Automatic;
				DEVELOPMENT_TEAM = T29WFY4Z2P;
				INFOPLIST_FILE = jsonDecodableFromUrl/Info.plist;
				LD_RUNPATH_SEARCH_PATHS = "$(inherited) @executable_path/Frameworks";
				PRODUCT_BUNDLE_IDENTIFIER = com.haligrove.jsonDecodableFromUrl;
				PRODUCT_NAME = "$(TARGET_NAME)";
				SWIFT_VERSION = 4.0;
				TARGETED_DEVICE_FAMILY = "1,2";
			};
			name = Debug;
		};
		11AD79631FD0F34300322A7B /* Release */ = {
			isa = XCBuildConfiguration;
			buildSettings = {
				ASSETCATALOG_COMPILER_APPICON_NAME = AppIcon;
				CODE_SIGN_STYLE = Automatic;
				DEVELOPMENT_TEAM = T29WFY4Z2P;
				INFOPLIST_FILE = jsonDecodableFromUrl/Info.plist;
				LD_RUNPATH_SEARCH_PATHS = "$(inherited) @executable_path/Frameworks";
				PRODUCT_BUNDLE_IDENTIFIER = com.haligrove.jsonDecodableFromUrl;
				PRODUCT_NAME = "$(TARGET_NAME)";
				SWIFT_VERSION = 4.0;
				TARGETED_DEVICE_FAMILY = "1,2";
			};
			name = Release;
		};
/* End XCBuildConfiguration section */

/* Begin XCConfigurationList section */
		11AD794A1FD0F34300322A7B /* Build configuration list for PBXProject "jsonDecodableFromUrl" */ = {
			isa = XCConfigurationList;
			buildConfigurations = (
				11AD795F1FD0F34300322A7B /* Debug */,
				11AD79601FD0F34300322A7B /* Release */,
			);
			defaultConfigurationIsVisible = 0;
			defaultConfigurationName = Release;
		};
		11AD79611FD0F34300322A7B /* Build configuration list for PBXNativeTarget "jsonDecodableFromUrl" */ = {
			isa = XCConfigurationList;
			buildConfigurations = (
				11AD79621FD0F34300322A7B /* Debug */,
				11AD79631FD0F34300322A7B /* Release */,
			);
			defaultConfigurationIsVisible = 0;
			defaultConfigurationName = Release;
		};
/* End XCConfigurationList section */
	};
	rootObject = 11AD79471FD0F34300322A7B /* Project object */;
}
